
Microsoft Visual Studio Solution File, Format Version 12.00
# Visual Studio 15
VisualStudioVersion = 15.0.28010.2050
MinimumVisualStudioVersion = 10.0.40219.1
Project("{FAE04EC0-301F-11D3-BF4B-00C04F79EFBC}") = "VideoPlayerBackEnd", "VideoPlayerBackEnd\VideoPlayerBackEnd.csproj", "{8859939D-AD8C-4307-AF28-DEB909130869}"
EndProject
Global
	GlobalSection(SolutionConfigurationPlatforms) = preSolution
		Debug|Any CPU = Debug|Any CPU
		Release|Any CPU = Release|Any CPU
	EndGlobalSection
	GlobalSection(ProjectConfigurationPlatforms) = postSolution
		{8859939D-AD8C-4307-AF28-DEB909130869}.Debug|Any CPU.ActiveCfg = Debug|Any CPU
		{8859939D-AD8C-4307-AF28-DEB909130869}.Debug|Any CPU.Build.0 = Debug|Any CPU
		{8859939D-AD8C-4307-AF28-DEB909130869}.Release|Any CPU.ActiveCfg = Release|Any CPU
		{8859939D-AD8C-4307-AF28-DEB909130869}.Release|Any CPU.Build.0 = Release|Any CPU
	EndGlobalSection
	GlobalSection(SolutionProperties) = preSolution
		HideSolutionNode = FALSE
	EndGlobalSection
	GlobalSection(ExtensibilityGlobals) = postSolution
		SolutionGuid = {764651DD-8D6E-4C4F-903C-E629C270D044}
	EndGlobalSection
EndGlobal
